
Microsoft Visual Studio Solution File, Format Version 12.00
# Visual Studio Version 17
VisualStudioVersion = 17.0.31912.275
MinimumVisualStudioVersion = 10.0.40219.1
Project("{8BC9CEB8-8B4A-11D0-8D11-00A0C91BC942}") = "CppClrHostWithWPF", "CppClrHostWithWPF\CppClrHostWithWPF.vcxproj", "{88E363FF-F210-43B6-B71D-768282EB8469}"
EndProject
Project("{9A19103F-16F7-4668-BE54-9A1E7A4F7556}") = "ApplicationLib", "ApplicationLib\ApplicationLib.csproj", "{EE61AB50-8FAC-4874-9611-419B66472A10}"
EndProject
Global
	GlobalSection(SolutionConfigurationPlatforms) = preSolution
		Debug|Any CPU = Debug|Any CPU
		Debug|x64 = Debug|x64
		Debug|x86 = Debug|x86
		Release|Any CPU = Release|Any CPU
		Release|x64 = Release|x64
		Release|x86 = Release|x86
	EndGlobalSection
	GlobalSection(ProjectConfigurationPlatforms) = postSolution
		{88E363FF-F210-43B6-B71D-768282EB8469}.Debug|Any CPU.ActiveCfg = Debug|x64
		{88E363FF-F210-43B6-B71D-768282EB8469}.Debug|Any CPU.Build.0 = Debug|x64
		{88E363FF-F210-43B6-B71D-768282EB8469}.Debug|x64.ActiveCfg = Debug|x64
		{88E363FF-F210-43B6-B71D-768282EB8469}.Debug|x64.Build.0 = Debug|x64
		{88E363FF-F210-43B6-B71D-768282EB8469}.Debug|x86.ActiveCfg = Debug|Win32
		{88E363FF-F210-43B6-B71D-768282EB8469}.Debug|x86.Build.0 = Debug|Win32
		{88E363FF-F210-43B6-B71D-768282EB8469}.Release|Any CPU.ActiveCfg = Release|x64
		{88E363FF-F210-43B6-B71D-768282EB8469}.Release|Any CPU.Build.0 = Release|x64
		{88E363FF-F210-43B6-B71D-768282EB8469}.Release|x64.ActiveCfg = Release|x64
		{88E363FF-F210-43B6-B71D-768282EB8469}.Release|x64.Build.0 = Release|x64
		{88E363FF-F210-43B6-B71D-768282EB8469}.Release|x86.ActiveCfg = Release|Win32
		{88E363FF-F210-43B6-B71D-768282EB8469}.Release|x86.Build.0 = Release|Win32
		{EE61AB50-8FAC-4874-9611-419B66472A10}.Debug|Any CPU.ActiveCfg = Debug|Any CPU
		{EE61AB50-8FAC-4874-9611-419B66472A10}.Debug|Any CPU.Build.0 = Debug|Any CPU
		{EE61AB50-8FAC-4874-9611-419B66472A10}.Debug|x64.ActiveCfg = Debug|Any CPU
		{EE61AB50-8FAC-4874-9611-419B66472A10}.Debug|x64.Build.0 = Debug|Any CPU
		{EE61AB50-8FAC-4874-9611-419B66472A10}.Debug|x86.ActiveCfg = Debug|Any CPU
		{EE61AB50-8FAC-4874-9611-419B66472A10}.Debug|x86.Build.0 = Debug|Any CPU
		{EE61AB50-8FAC-4874-9611-419B66472A10}.Release|Any CPU.ActiveCfg = Release|Any CPU
		{EE61AB50-8FAC-4874-9611-419B66472A10}.Release|Any CPU.Build.0 = Release|Any CPU
		{EE61AB50-8FAC-4874-9611-419B66472A10}.Release|x64.ActiveCfg = Release|Any CPU
		{EE61AB50-8FAC-4874-9611-419B66472A10}.Release|x64.Build.0 = Release|Any CPU
		{EE61AB50-8FAC-4874-9611-419B66472A10}.Release|x86.ActiveCfg = Release|Any CPU
		{EE61AB50-8FAC-4874-9611-419B66472A10}.Release|x86.Build.0 = Release|Any CPU
	EndGlobalSection
	GlobalSection(SolutionProperties) = preSolution
		HideSolutionNode = FALSE
	EndGlobalSection
	GlobalSection(ExtensibilityGlobals) = postSolution
		SolutionGuid = {69E3D2B5-28F6-4D75-9477-D7CDBE06C197}
	EndGlobalSection
EndGlobal
